
Microsoft Visual Studio Solution File, Format Version 12.00
# Visual Studio Version 16
VisualStudioVersion = 16.0.29418.71
MinimumVisualStudioVersion = 10.0.40219.1
Project("{FAE04EC0-301F-11D3-BF4B-00C04F79EFBC}") = "DevStore.Domain", "DevStore.Domain\DevStore.Domain.csproj", "{C73A21C7-8488-4FD3-9E56-16DE3E760828}"
EndProject
Project("{FAE04EC0-301F-11D3-BF4B-00C04F79EFBC}") = "DevStore.Infra", "DevStore.Infra\DevStore.Infra.csproj", "{43474A17-B7C7-471D-A45E-0B602BE1871B}"
EndProject
Project("{FAE04EC0-301F-11D3-BF4B-00C04F79EFBC}") = "DevStore.Api", "DevStore.Api\DevStore.Api.csproj", "{647528C7-9FFF-4A36-82D9-ADCD4D5231B1}"
EndProject
Global
	GlobalSection(SolutionConfigurationPlatforms) = preSolution
		Debug|Any CPU = Debug|Any CPU
		Release|Any CPU = Release|Any CPU
	EndGlobalSection
	GlobalSection(ProjectConfigurationPlatforms) = postSolution
		{C73A21C7-8488-4FD3-9E56-16DE3E760828}.Debug|Any CPU.ActiveCfg = Debug|Any CPU
		{C73A21C7-8488-4FD3-9E56-16DE3E760828}.Debug|Any CPU.Build.0 = Debug|Any CPU
		{C73A21C7-8488-4FD3-9E56-16DE3E760828}.Release|Any CPU.ActiveCfg = Release|Any CPU
		{C73A21C7-8488-4FD3-9E56-16DE3E760828}.Release|Any CPU.Build.0 = Release|Any CPU
		{43474A17-B7C7-471D-A45E-0B602BE1871B}.Debug|Any CPU.ActiveCfg = Debug|Any CPU
		{43474A17-B7C7-471D-A45E-0B602BE1871B}.Debug|Any CPU.Build.0 = Debug|Any CPU
		{43474A17-B7C7-471D-A45E-0B602BE1871B}.Release|Any CPU.ActiveCfg = Release|Any CPU
		{43474A17-B7C7-471D-A45E-0B602BE1871B}.Release|Any CPU.Build.0 = Release|Any CPU
		{647528C7-9FFF-4A36-82D9-ADCD4D5231B1}.Debug|Any CPU.ActiveCfg = Debug|Any CPU
		{647528C7-9FFF-4A36-82D9-ADCD4D5231B1}.Debug|Any CPU.Build.0 = Debug|Any CPU
		{647528C7-9FFF-4A36-82D9-ADCD4D5231B1}.Release|Any CPU.ActiveCfg = Release|Any CPU
		{647528C7-9FFF-4A36-82D9-ADCD4D5231B1}.Release|Any CPU.Build.0 = Release|Any CPU
	EndGlobalSection
	GlobalSection(SolutionProperties) = preSolution
		HideSolutionNode = FALSE
	EndGlobalSection
	GlobalSection(ExtensibilityGlobals) = postSolution
		SolutionGuid = {A5386295-4272-4489-94C2-3B52631E0333}
	EndGlobalSection
EndGlobal
